
Microsoft Visual Studio Solution File, Format Version 12.00
# Visual Studio Version 17
VisualStudioVersion = 17.6.33723.286
MinimumVisualStudioVersion = 10.0.40219.1
Project("{FAE04EC0-301F-11D3-BF4B-00C04F79EFBC}") = "Redis_Stream", "Redis_Stream\Redis_Stream.csproj", "{3B18D9A3-306B-4451-A4F9-0F60539FE186}"
EndProject
Global
	GlobalSection(SolutionConfigurationPlatforms) = preSolution
		Debug|Any CPU = Debug|Any CPU
		Release|Any CPU = Release|Any CPU
	EndGlobalSection
	GlobalSection(ProjectConfigurationPlatforms) = postSolution
		{3B18D9A3-306B-4451-A4F9-0F60539FE186}.Debug|Any CPU.ActiveCfg = Debug|Any CPU
		{3B18D9A3-306B-4451-A4F9-0F60539FE186}.Debug|Any CPU.Build.0 = Debug|Any CPU
		{3B18D9A3-306B-4451-A4F9-0F60539FE186}.Release|Any CPU.ActiveCfg = Release|Any CPU
		{3B18D9A3-306B-4451-A4F9-0F60539FE186}.Release|Any CPU.Build.0 = Release|Any CPU
	EndGlobalSection
	GlobalSection(SolutionProperties) = preSolution
		HideSolutionNode = FALSE
	EndGlobalSection
	GlobalSection(ExtensibilityGlobals) = postSolution
		SolutionGuid = {14913A50-33F9-45DF-9A8C-3B70EB213D91}
	EndGlobalSection
EndGlobal
